
Microsoft Visual Studio Solution File, Format Version 12.00
# Visual Studio Version 17
VisualStudioVersion = 17.11.35208.52
MinimumVisualStudioVersion = 10.0.40219.1
Project("{2150E333-8FDC-42A3-9474-1A3956D46DE8}") = "Core", "Core", "{3D198B37-0D61-44ED-BF9A-FF0C93B58FA2}"
EndProject
Project("{2150E333-8FDC-42A3-9474-1A3956D46DE8}") = "Frontends", "Frontends", "{9CAD0469-3088-4495-AF64-A8F860F49AA6}"
EndProject
Project("{2150E333-8FDC-42A3-9474-1A3956D46DE8}") = "Infrastructure", "Infrastructure", "{F710D6C9-C0DC-44A2-9B5B-0B6B7F84CB47}"
EndProject
Project("{2150E333-8FDC-42A3-9474-1A3956D46DE8}") = "Requirements", "Requirements", "{B4495239-CD5B-4B90-80C3-03B87E3BD4F6}"
EndProject
Project("{FAE04EC0-301F-11D3-BF4B-00C04F79EFBC}") = "MovieApi.Domain", "Core\MovieApi.Domain\MovieApi.Domain.csproj", "{8AD9DADC-61C9-4BD2-815A-7C1266596FEF}"
EndProject
Project("{FAE04EC0-301F-11D3-BF4B-00C04F79EFBC}") = "MovieApi.Persistence", "Infrastructure\MovieApi.Persistence\MovieApi.Persistence.csproj", "{09894CC3-884C-4C59-ACF2-DCCE0D182B86}"
EndProject
Project("{2150E333-8FDC-42A3-9474-1A3956D46DE8}") = "Presentation", "Presentation", "{02EA681E-C7D8-13C7-8484-4AC65E1B71E8}"
EndProject
Project("{FAE04EC0-301F-11D3-BF4B-00C04F79EFBC}") = "MovieApi.WebApi", "Presentation\MovieApi.WebApi\MovieApi.WebApi.csproj", "{DE70DAE3-BB07-484B-9678-FD0A32FA01D0}"
EndProject
Global
	GlobalSection(SolutionConfigurationPlatforms) = preSolution
		Debug|Any CPU = Debug|Any CPU
		Release|Any CPU = Release|Any CPU
	EndGlobalSection
	GlobalSection(ProjectConfigurationPlatforms) = postSolution
		{8AD9DADC-61C9-4BD2-815A-7C1266596FEF}.Debug|Any CPU.ActiveCfg = Debug|Any CPU
		{8AD9DADC-61C9-4BD2-815A-7C1266596FEF}.Debug|Any CPU.Build.0 = Debug|Any CPU
		{8AD9DADC-61C9-4BD2-815A-7C1266596FEF}.Release|Any CPU.ActiveCfg = Release|Any CPU
		{8AD9DADC-61C9-4BD2-815A-7C1266596FEF}.Release|Any CPU.Build.0 = Release|Any CPU
		{09894CC3-884C-4C59-ACF2-DCCE0D182B86}.Debug|Any CPU.ActiveCfg = Debug|Any CPU
		{09894CC3-884C-4C59-ACF2-DCCE0D182B86}.Debug|Any CPU.Build.0 = Debug|Any CPU
		{09894CC3-884C-4C59-ACF2-DCCE0D182B86}.Release|Any CPU.ActiveCfg = Release|Any CPU
		{09894CC3-884C-4C59-ACF2-DCCE0D182B86}.Release|Any CPU.Build.0 = Release|Any CPU
		{DE70DAE3-BB07-484B-9678-FD0A32FA01D0}.Debug|Any CPU.ActiveCfg = Debug|Any CPU
		{DE70DAE3-BB07-484B-9678-FD0A32FA01D0}.Debug|Any CPU.Build.0 = Debug|Any CPU
		{DE70DAE3-BB07-484B-9678-FD0A32FA01D0}.Release|Any CPU.ActiveCfg = Release|Any CPU
		{DE70DAE3-BB07-484B-9678-FD0A32FA01D0}.Release|Any CPU.Build.0 = Release|Any CPU
	EndGlobalSection
	GlobalSection(SolutionProperties) = preSolution
		HideSolutionNode = FALSE
	EndGlobalSection
	GlobalSection(NestedProjects) = preSolution
		{8AD9DADC-61C9-4BD2-815A-7C1266596FEF} = {3D198B37-0D61-44ED-BF9A-FF0C93B58FA2}
		{09894CC3-884C-4C59-ACF2-DCCE0D182B86} = {F710D6C9-C0DC-44A2-9B5B-0B6B7F84CB47}
		{DE70DAE3-BB07-484B-9678-FD0A32FA01D0} = {02EA681E-C7D8-13C7-8484-4AC65E1B71E8}
	EndGlobalSection
	GlobalSection(ExtensibilityGlobals) = postSolution
		SolutionGuid = {DB0774C6-68DD-41C7-AE5D-5183AE973C5F}
	EndGlobalSection
EndGlobal
